# This file is automatically @generated by Cargo.
# It is not intended for manual editing.
version = 4

[[package]]
name = "nexo-arch-x86_64"
version = "0.0.1"
dependencies = [
 "nexo-mm",
]

[[package]]
name = "nexo-boot-abi"
version = "0.0.1"

[[package]]
name = "nexo-font"
version = "0.0.1"

[[package]]
name = "nexo-heap"
version = "0.0.1"

[[package]]
name = "nexo-kernel"
version = "0.0.1"
dependencies = [
 "nexo-arch-x86_64",
 "nexo-boot-abi",
 "nexo-font",
 "nexo-heap",
 "nexo-mm",
 "nexo-symbols",
 "nexo-sync",
]

[[package]]
name = "nexo-mm"
version = "0.0.1"
dependencies = [
 "nexo-boot-abi",
]

[[package]]
name = "nexo-symbols"
version = "0.0.1"

[[package]]
name = "nexo-sync"
version = "0.0.1"
