# This file is automatically @generated by Cargo.
# It is not intended for manual editing.
version = 4

[[package]]
name = "nexo-blockdev"
version = "0.0.1"
dependencies = [
 "nexo-rt",
 "nexo-sys",
 "nexo-virtio",
]

[[package]]
name = "nexo-devmgr"
version = "0.0.1"
dependencies = [
 "nexo-rt",
 "nexo-sys",
 "nexo-virtio",
]

[[package]]
name = "nexo-echo"
version = "0.0.1"
dependencies = [
 "nexo-rt",
 "nexo-sys",
]

[[package]]
name = "nexo-echo-client"
version = "0.0.1"
dependencies = [
 "nexo-rt",
 "nexo-sys",
]

[[package]]
name = "nexo-fs"
version = "0.0.1"
dependencies = [
 "nexo-rt",
 "nexo-sys",
 "nexofs",
]

[[package]]
name = "nexo-init"
version = "0.0.1"
dependencies = [
 "nexo-rt",
 "nexo-sys",
]

[[package]]
name = "nexo-rngdev"
version = "0.0.1"
dependencies = [
 "nexo-rt",
 "nexo-sys",
 "nexo-virtio",
]

[[package]]
name = "nexo-rt"
version = "0.0.1"
dependencies = [
 "nexo-sys",
]

[[package]]
name = "nexo-svcmgr"
version = "0.0.1"
dependencies = [
 "nexo-rt",
 "nexo-sys",
]

[[package]]
name = "nexo-sys"
version = "0.0.1"
dependencies = [
 "nexo-syscall-abi",
]

[[package]]
name = "nexo-syscall-abi"
version = "0.0.1"

[[package]]
name = "nexo-utest"
version = "0.0.1"
dependencies = [
 "nexo-rt",
 "nexo-sys",
]

[[package]]
name = "nexo-virtio"
version = "0.0.1"

[[package]]
name = "nexofs"
version = "0.0.1"
