# This file is automatically @generated by Cargo.
# It is not intended for manual editing.
version = 4

[[package]]
name = "nexo-agenda"
version = "0.0.1"
dependencies = [
 "nexo-cal",
 "nexo-gfx",
 "nexo-proto",
 "nexo-rt",
 "nexo-sys",
]

[[package]]
name = "nexo-ahcidev"
version = "0.0.1"
dependencies = [
 "nexo-proto",
 "nexo-rt",
 "nexo-sys",
]

[[package]]
name = "nexo-arquivos"
version = "0.0.1"
dependencies = [
 "nexo-gfx",
 "nexo-proto",
 "nexo-rt",
 "nexo-sys",
]

[[package]]
name = "nexo-backup"
version = "0.0.1"
dependencies = [
 "nexo-proto",
 "nexo-rt",
 "nexo-sys",
]

[[package]]
name = "nexo-blockdev"
version = "0.0.1"
dependencies = [
 "nexo-proto",
 "nexo-rt",
 "nexo-sys",
 "nexo-virtio",
]

[[package]]
name = "nexo-boot-abi"
version = "0.0.1"

[[package]]
name = "nexo-cal"
version = "0.0.1"

[[package]]
name = "nexo-calc"
version = "0.0.1"
dependencies = [
 "nexo-gfx",
 "nexo-proto",
 "nexo-rt",
 "nexo-sys",
 "nexo-ui",
]

[[package]]
name = "nexo-config"
version = "0.0.1"
dependencies = [
 "nexo-gfx",
 "nexo-proto",
 "nexo-rt",
 "nexo-sys",
 "nexo-ui",
]

[[package]]
name = "nexo-consoledev"
version = "0.0.1"
dependencies = [
 "nexo-proto",
 "nexo-rt",
 "nexo-sys",
 "nexo-virtio",
]

[[package]]
name = "nexo-devmgr"
version = "0.0.1"
dependencies = [
 "nexo-proto",
 "nexo-rt",
 "nexo-sys",
 "nexo-virtio",
]

[[package]]
name = "nexo-echo"
version = "0.0.1"
dependencies = [
 "nexo-proto",
 "nexo-rt",
 "nexo-sys",
]

[[package]]
name = "nexo-echo-client"
version = "0.0.1"
dependencies = [
 "nexo-proto",
 "nexo-rt",
 "nexo-sys",
]

[[package]]
name = "nexo-editor"
version = "0.0.1"
dependencies = [
 "nexo-gfx",
 "nexo-proto",
 "nexo-rt",
 "nexo-sys",
 "nexo-textgrid",
]

[[package]]
name = "nexo-espfs"
version = "0.0.1"
dependencies = [
 "nexo-fat",
 "nexo-proto",
 "nexo-rt",
 "nexo-sys",
]

[[package]]
name = "nexo-fat"
version = "0.0.1"

[[package]]
name = "nexo-font"
version = "0.0.1"

[[package]]
name = "nexo-fs"
version = "0.0.1"
dependencies = [
 "nexo-proto",
 "nexo-rt",
 "nexo-sys",
 "nexofs",
]

[[package]]
name = "nexo-gfx"
version = "0.0.1"
dependencies = [
 "nexo-boot-abi",
 "nexo-font",
]

[[package]]
name = "nexo-greeter"
version = "0.0.1"
dependencies = [
 "nexo-gfx",
 "nexo-proto",
 "nexo-rt",
 "nexo-sys",
 "nexo-ui",
]

[[package]]
name = "nexo-img"
version = "0.0.1"

[[package]]
name = "nexo-init"
version = "0.0.1"
dependencies = [
 "nexo-rt",
 "nexo-sys",
]

[[package]]
name = "nexo-inputdev"
version = "0.0.1"
dependencies = [
 "nexo-proto",
 "nexo-rt",
 "nexo-sys",
 "nexo-virtio",
]

[[package]]
name = "nexo-inst"
version = "0.0.1"
dependencies = [
 "nexo-pkg",
]

[[package]]
name = "nexo-lanc"
version = "0.0.1"
dependencies = [
 "nexo-gfx",
 "nexo-pkg",
 "nexo-proto",
 "nexo-rt",
 "nexo-sys",
]

[[package]]
name = "nexo-monitor"
version = "0.0.1"
dependencies = [
 "nexo-gfx",
 "nexo-proto",
 "nexo-rt",
 "nexo-sys",
]

[[package]]
name = "nexo-net"
version = "0.0.1"
dependencies = [
 "nexo-proto",
 "nexo-sys",
]

[[package]]
name = "nexo-netd"
version = "0.0.1"
dependencies = [
 "nexo-netstack",
 "nexo-proto",
 "nexo-rt",
 "nexo-sys",
]

[[package]]
name = "nexo-netdev"
version = "0.0.1"
dependencies = [
 "nexo-proto",
 "nexo-rt",
 "nexo-sys",
 "nexo-virtio",
]

[[package]]
name = "nexo-netstack"
version = "0.0.1"

[[package]]
name = "nexo-nvmedev"
version = "0.0.1"
dependencies = [
 "nexo-proto",
 "nexo-rt",
 "nexo-sys",
]

[[package]]
name = "nexo-pkg"
version = "0.0.1"

[[package]]
name = "nexo-portal"
version = "0.0.1"
dependencies = [
 "nexo-gfx",
 "nexo-proto",
 "nexo-rt",
 "nexo-sys",
]

[[package]]
name = "nexo-proto"
version = "0.0.1"

[[package]]
name = "nexo-reset"
version = "0.0.1"
dependencies = [
 "nexo-proto",
 "nexo-rt",
 "nexo-sys",
]

[[package]]
name = "nexo-rngdev"
version = "0.0.1"
dependencies = [
 "nexo-proto",
 "nexo-rt",
 "nexo-sys",
 "nexo-virtio",
]

[[package]]
name = "nexo-rt"
version = "0.0.1"
dependencies = [
 "nexo-sys",
]

[[package]]
name = "nexo-shell"
version = "0.0.1"
dependencies = [
 "nexo-proto",
 "nexo-rt",
 "nexo-sys",
]

[[package]]
name = "nexo-shellui"
version = "0.0.1"
dependencies = [
 "nexo-gfx",
 "nexo-proto",
 "nexo-rt",
 "nexo-sys",
 "nexo-ui",
]

[[package]]
name = "nexo-svcmgr"
version = "0.0.1"
dependencies = [
 "nexo-proto",
 "nexo-rt",
 "nexo-sys",
]

[[package]]
name = "nexo-sys"
version = "0.0.1"
dependencies = [
 "nexo-syscall-abi",
]

[[package]]
name = "nexo-syscall-abi"
version = "0.0.1"

[[package]]
name = "nexo-term"
version = "0.0.1"
dependencies = [
 "nexo-gfx",
 "nexo-proto",
 "nexo-rt",
 "nexo-sys",
 "nexo-textgrid",
]

[[package]]
name = "nexo-textgrid"
version = "0.0.1"

[[package]]
name = "nexo-ui"
version = "0.0.1"
dependencies = [
 "nexo-gfx",
]

[[package]]
name = "nexo-upd"
version = "0.0.1"
dependencies = [
 "nexo-boot-abi",
 "nexo-fat",
 "nexo-proto",
 "nexo-rt",
 "nexo-sys",
]

[[package]]
name = "nexo-utest"
version = "0.0.1"
dependencies = [
 "nexo-cal",
 "nexo-font",
 "nexo-gfx",
 "nexo-inst",
 "nexo-net",
 "nexo-netstack",
 "nexo-pkg",
 "nexo-proto",
 "nexo-rt",
 "nexo-sys",
 "nexo-ui",
 "nexo-wm",
]

[[package]]
name = "nexo-vfs"
version = "0.0.1"
dependencies = [
 "nexo-proto",
 "nexo-rt",
 "nexo-sys",
]

[[package]]
name = "nexo-virtio"
version = "0.0.1"

[[package]]
name = "nexo-visor"
version = "0.0.1"
dependencies = [
 "nexo-gfx",
 "nexo-img",
 "nexo-proto",
 "nexo-rt",
 "nexo-sys",
 "nexo-textgrid",
]

[[package]]
name = "nexo-wm"
version = "0.0.1"
dependencies = [
 "nexo-gfx",
]

[[package]]
name = "nexo-wmd"
version = "0.0.1"
dependencies = [
 "nexo-gfx",
 "nexo-proto",
 "nexo-rt",
 "nexo-sys",
 "nexo-wm",
]

[[package]]
name = "nexofs"
version = "0.0.1"
